
Microsoft Visual Studio Solution File, Format Version 12.00
# Visual Studio Version 17
VisualStudioVersion = 17.1.32421.90
MinimumVisualStudioVersion = 10.0.40219.1
Project("{FAE04EC0-301F-11D3-BF4B-00C04F79EFBC}") = "Branches", "Branches.csproj", "{1C1EF336-D00F-460F-B46D-21DB0E5B2A06}"
EndProject
Project("{FAE04EC0-301F-11D3-BF4B-00C04F79EFBC}") = "BranchesTest", "..\BranchesTest\BranchesTest.csproj", "{A93D6FF1-09AC-455B-9454-A919871F9DAA}"
EndProject
Global
	GlobalSection(SolutionConfigurationPlatforms) = preSolution
		Debug|Any CPU = Debug|Any CPU
		Release|Any CPU = Release|Any CPU
	EndGlobalSection
	GlobalSection(ProjectConfigurationPlatforms) = postSolution
		{1C1EF336-D00F-460F-B46D-21DB0E5B2A06}.Debug|Any CPU.ActiveCfg = Debug|Any CPU
		{1C1EF336-D00F-460F-B46D-21DB0E5B2A06}.Debug|Any CPU.Build.0 = Debug|Any CPU
		{1C1EF336-D00F-460F-B46D-21DB0E5B2A06}.Release|Any CPU.ActiveCfg = Release|Any CPU
		{1C1EF336-D00F-460F-B46D-21DB0E5B2A06}.Release|Any CPU.Build.0 = Release|Any CPU
		{A93D6FF1-09AC-455B-9454-A919871F9DAA}.Debug|Any CPU.ActiveCfg = Debug|Any CPU
		{A93D6FF1-09AC-455B-9454-A919871F9DAA}.Debug|Any CPU.Build.0 = Debug|Any CPU
		{A93D6FF1-09AC-455B-9454-A919871F9DAA}.Release|Any CPU.ActiveCfg = Release|Any CPU
		{A93D6FF1-09AC-455B-9454-A919871F9DAA}.Release|Any CPU.Build.0 = Release|Any CPU
	EndGlobalSection
	GlobalSection(SolutionProperties) = preSolution
		HideSolutionNode = FALSE
	EndGlobalSection
	GlobalSection(ExtensibilityGlobals) = postSolution
		SolutionGuid = {A458F001-243D-4DC1-97F4-99154DED9445}
	EndGlobalSection
EndGlobal
